// !$*UTF8*$!
{
	archiveVersion = 1;
	classes = {
	};
	objectVersion = 46;
	objects = {

/* Begin PBXBuildFile section */
		708E5CDA1C9C838E006435CF /* PSTests.swift in Sources */ = {isa = PBXBuildFile; fileRef = 708E5CD91C9C838E006435CF /* PSTests.swift */; };
		70F6ABAF1C9E92B100646FAA /* BackendManager.swift in Sources */ = {isa = PBXBuildFile; fileRef = 70F6ABAE1C9E92B100646FAA /* BackendManager.swift */; };
		70F6ABB01C9E92B100646FAA /* BackendManager.swift in Sources */ = {isa = PBXBuildFile; fileRef = 70F6ABAE1C9E92B100646FAA /* BackendManager.swift */; };
		8D8CBD9D1C9EA28900E84508 /* Master.storyboard in Resources */ = {isa = PBXBuildFile; fileRef = 8D8CBD9B1C9EA28900E84508 /* Master.storyboard */; };
		8DFBB16D1C9EB4F1006E4D1A /* CreatePostViewController.swift in Sources */ = {isa = PBXBuildFile; fileRef = 8DFBB16C1C9EB4F1006E4D1A /* CreatePostViewController.swift */; };
		8DFBB16F1C9EB800006E4D1A /* CreatePostMoodView.swift in Sources */ = {isa = PBXBuildFile; fileRef = 8DFBB16E1C9EB800006E4D1A /* CreatePostMoodView.swift */; };
		8DFBB1711C9EBB14006E4D1A /* CreatePostInputView.swift in Sources */ = {isa = PBXBuildFile; fileRef = 8DFBB1701C9EBB14006E4D1A /* CreatePostInputView.swift */; };
		8DFBB1731C9EBF4D006E4D1A /* CreatePostScriptumView.swift in Sources */ = {isa = PBXBuildFile; fileRef = 8DFBB1721C9EBF4D006E4D1A /* CreatePostScriptumView.swift */; };
		A8AE0A131C9EA2CF003C7207 /* MainViewModel.swift in Sources */ = {isa = PBXBuildFile; fileRef = A8AE0A121C9EA2CF003C7207 /* MainViewModel.swift */; };
		A8AE0A141C9EA2CF003C7207 /* MainViewModel.swift in Sources */ = {isa = PBXBuildFile; fileRef = A8AE0A121C9EA2CF003C7207 /* MainViewModel.swift */; };
		A8B1A5061C9EC39B009B684A /* RegisterViewModel.swift in Sources */ = {isa = PBXBuildFile; fileRef = A8B1A5051C9EC39B009B684A /* RegisterViewModel.swift */; };
		F7215E2B1C9D5ECF007B0D07 /* InitialController.swift in Sources */ = {isa = PBXBuildFile; fileRef = F7215E2A1C9D5ECF007B0D07 /* InitialController.swift */; };
		F7215E2F1C9D630D007B0D07 /* CreateCredentialsController.swift in Sources */ = {isa = PBXBuildFile; fileRef = F7215E2E1C9D630D007B0D07 /* CreateCredentialsController.swift */; };
		F7215E421C9DA73F007B0D07 /* MyProfileController.swift in Sources */ = {isa = PBXBuildFile; fileRef = F7215E411C9DA73F007B0D07 /* MyProfileController.swift */; };
		F7215E441C9DB89A007B0D07 /* AddPatnerController.swift in Sources */ = {isa = PBXBuildFile; fileRef = F7215E431C9DB89A007B0D07 /* AddPatnerController.swift */; };
		F72AA3991C9C1D6700C4B25F /* AppDelegate.swift in Sources */ = {isa = PBXBuildFile; fileRef = F72AA3981C9C1D6700C4B25F /* AppDelegate.swift */; };
		F72AA39E1C9C1D6700C4B25F /* Main.storyboard in Resources */ = {isa = PBXBuildFile; fileRef = F72AA39C1C9C1D6700C4B25F /* Main.storyboard */; };
		F72AA3A01C9C1D6700C4B25F /* Assets.xcassets in Resources */ = {isa = PBXBuildFile; fileRef = F72AA39F1C9C1D6700C4B25F /* Assets.xcassets */; };
		F72AA3A31C9C1D6700C4B25F /* LaunchScreen.storyboard in Resources */ = {isa = PBXBuildFile; fileRef = F72AA3A11C9C1D6700C4B25F /* LaunchScreen.storyboard */; };
		F78CB97F1C9EAA9A00C03ECF /* UIViewController+UIAlert.swift in Sources */ = {isa = PBXBuildFile; fileRef = F78CB97E1C9EAA9A00C03ECF /* UIViewController+UIAlert.swift */; };
		FCFE7C73092F26B1AA0BF2B0 /* Pods_PS.framework in Frameworks */ = {isa = PBXBuildFile; fileRef = ECB83E753367D31006F97B12 /* Pods_PS.framework */; };
/* End PBXBuildFile section */

/* Begin PBXContainerItemProxy section */
		708E5CDC1C9C838E006435CF /* PBXContainerItemProxy */ = {
			isa = PBXContainerItemProxy;
			containerPortal = F72AA38D1C9C1D6700C4B25F /* Project object */;
			proxyType = 1;
			remoteGlobalIDString = F72AA3941C9C1D6700C4B25F;
			remoteInfo = PS;
		};
/* End PBXContainerItemProxy section */

/* Begin PBXFileReference section */
		2019FC8A380EF73681FF3075 /* Pods-PS.release.xcconfig */ = {isa = PBXFileReference; includeInIndex = 1; lastKnownFileType = text.xcconfig; name = "Pods-PS.release.xcconfig"; path = "Pods/Target Support Files/Pods-PS/Pods-PS.release.xcconfig"; sourceTree = "<group>"; };
		6A4E80B6B256CE820110A78F /* Pods-PS.debug.xcconfig */ = {isa = PBXFileReference; includeInIndex = 1; lastKnownFileType = text.xcconfig; name = "Pods-PS.debug.xcconfig"; path = "Pods/Target Support Files/Pods-PS/Pods-PS.debug.xcconfig"; sourceTree = "<group>"; };
		708E5CD71C9C838E006435CF /* PSTests.xctest */ = {isa = PBXFileReference; explicitFileType = wrapper.cfbundle; includeInIndex = 0; path = PSTests.xctest; sourceTree = BUILT_PRODUCTS_DIR; };
		708E5CD91C9C838E006435CF /* PSTests.swift */ = {isa = PBXFileReference; lastKnownFileType = sourcecode.swift; path = PSTests.swift; sourceTree = "<group>"; };
		708E5CDB1C9C838E006435CF /* Info.plist */ = {isa = PBXFileReference; lastKnownFileType = text.plist.xml; path = Info.plist; sourceTree = "<group>"; };
		70F6ABAE1C9E92B100646FAA /* BackendManager.swift */ = {isa = PBXFileReference; fileEncoding = 4; lastKnownFileType = sourcecode.swift; path = BackendManager.swift; sourceTree = "<group>"; };
		8D8CBD9C1C9EA28900E84508 /* Base */ = {isa = PBXFileReference; lastKnownFileType = file.storyboard; name = Base; path = Base.lproj/Master.storyboard; sourceTree = "<group>"; };
		8DFBB16C1C9EB4F1006E4D1A /* CreatePostViewController.swift */ = {isa = PBXFileReference; fileEncoding = 4; lastKnownFileType = sourcecode.swift; path = CreatePostViewController.swift; sourceTree = "<group>"; };
		8DFBB16E1C9EB800006E4D1A /* CreatePostMoodView.swift */ = {isa = PBXFileReference; fileEncoding = 4; lastKnownFileType = sourcecode.swift; path = CreatePostMoodView.swift; sourceTree = "<group>"; };
		8DFBB1701C9EBB14006E4D1A /* CreatePostInputView.swift */ = {isa = PBXFileReference; fileEncoding = 4; lastKnownFileType = sourcecode.swift; path = CreatePostInputView.swift; sourceTree = "<group>"; };
		8DFBB1721C9EBF4D006E4D1A /* CreatePostScriptumView.swift */ = {isa = PBXFileReference; fileEncoding = 4; lastKnownFileType = sourcecode.swift; path = CreatePostScriptumView.swift; sourceTree = "<group>"; };
		A8AE0A121C9EA2CF003C7207 /* MainViewModel.swift */ = {isa = PBXFileReference; fileEncoding = 4; lastKnownFileType = sourcecode.swift; path = MainViewModel.swift; sourceTree = "<group>"; };
		A8B1A5051C9EC39B009B684A /* RegisterViewModel.swift */ = {isa = PBXFileReference; fileEncoding = 4; lastKnownFileType = sourcecode.swift; path = RegisterViewModel.swift; sourceTree = "<group>"; };
		ECB83E753367D31006F97B12 /* Pods_PS.framework */ = {isa = PBXFileReference; explicitFileType = wrapper.framework; includeInIndex = 0; path = Pods_PS.framework; sourceTree = BUILT_PRODUCTS_DIR; };
		F7215E2A1C9D5ECF007B0D07 /* InitialController.swift */ = {isa = PBXFileReference; fileEncoding = 4; lastKnownFileType = sourcecode.swift; path = InitialController.swift; sourceTree = "<group>"; };
		F7215E2E1C9D630D007B0D07 /* CreateCredentialsController.swift */ = {isa = PBXFileReference; fileEncoding = 4; lastKnownFileType = sourcecode.swift; path = CreateCredentialsController.swift; sourceTree = "<group>"; };
		F7215E411C9DA73F007B0D07 /* MyProfileController.swift */ = {isa = PBXFileReference; fileEncoding = 4; lastKnownFileType = sourcecode.swift; path = MyProfileController.swift; sourceTree = "<group>"; };
		F7215E431C9DB89A007B0D07 /* AddPatnerController.swift */ = {isa = PBXFileReference; fileEncoding = 4; lastKnownFileType = sourcecode.swift; path = AddPatnerController.swift; sourceTree = "<group>"; };
		F72AA3951C9C1D6700C4B25F /* PS.app */ = {isa = PBXFileReference; explicitFileType = wrapper.application; includeInIndex = 0; path = PS.app; sourceTree = BUILT_PRODUCTS_DIR; };
		F72AA3981C9C1D6700C4B25F /* AppDelegate.swift */ = {isa = PBXFileReference; lastKnownFileType = sourcecode.swift; path = AppDelegate.swift; sourceTree = "<group>"; };
		F72AA39D1C9C1D6700C4B25F /* Base */ = {isa = PBXFileReference; lastKnownFileType = file.storyboard; name = Base; path = Base.lproj/Main.storyboard; sourceTree = "<group>"; };
		F72AA39F1C9C1D6700C4B25F /* Assets.xcassets */ = {isa = PBXFileReference; lastKnownFileType = folder.assetcatalog; path = Assets.xcassets; sourceTree = "<group>"; };
		F72AA3A21C9C1D6700C4B25F /* Base */ = {isa = PBXFileReference; lastKnownFileType = file.storyboard; name = Base; path = Base.lproj/LaunchScreen.storyboard; sourceTree = "<group>"; };
		F72AA3A41C9C1D6700C4B25F /* Info.plist */ = {isa = PBXFileReference; lastKnownFileType = text.plist.xml; path = Info.plist; sourceTree = "<group>"; };
		F78CB97E1C9EAA9A00C03ECF /* UIViewController+UIAlert.swift */ = {isa = PBXFileReference; fileEncoding = 4; lastKnownFileType = sourcecode.swift; path = "UIViewController+UIAlert.swift"; sourceTree = "<group>"; };
/* End PBXFileReference section */

/* Begin PBXFrameworksBuildPhase section */
		708E5CD41C9C838E006435CF /* Frameworks */ = {
			isa = PBXFrameworksBuildPhase;
			buildActionMask = 2147483647;
			files = (
			);
			runOnlyForDeploymentPostprocessing = 0;
		};
		F72AA3921C9C1D6700C4B25F /* Frameworks */ = {
			isa = PBXFrameworksBuildPhase;
			buildActionMask = 2147483647;
			files = (
				FCFE7C73092F26B1AA0BF2B0 /* Pods_PS.framework in Frameworks */,
			);
			runOnlyForDeploymentPostprocessing = 0;
		};
/* End PBXFrameworksBuildPhase section */

/* Begin PBXGroup section */
		708E5CD81C9C838E006435CF /* PSTests */ = {
			isa = PBXGroup;
			children = (
				708E5CD91C9C838E006435CF /* PSTests.swift */,
				708E5CDB1C9C838E006435CF /* Info.plist */,
			);
			path = PSTests;
			sourceTree = "<group>";
		};
		8DFBB16B1C9EB4CA006E4D1A /* Master */ = {
			isa = PBXGroup;
			children = (
				8DFBB16C1C9EB4F1006E4D1A /* CreatePostViewController.swift */,
				8DFBB16E1C9EB800006E4D1A /* CreatePostMoodView.swift */,
				8DFBB1701C9EBB14006E4D1A /* CreatePostInputView.swift */,
				8DFBB1721C9EBF4D006E4D1A /* CreatePostScriptumView.swift */,
			);
			path = Master;
			sourceTree = "<group>";
		};
		AA6D6E9B0F61B701C6511AEB /* Frameworks */ = {
			isa = PBXGroup;
			children = (
				ECB83E753367D31006F97B12 /* Pods_PS.framework */,
			);
			name = Frameworks;
			sourceTree = "<group>";
		};
		F7215E271C9D5E1B007B0D07 /* start */ = {
			isa = PBXGroup;
			children = (
				F7215E2A1C9D5ECF007B0D07 /* InitialController.swift */,
				F7215E2E1C9D630D007B0D07 /* CreateCredentialsController.swift */,
				F7215E411C9DA73F007B0D07 /* MyProfileController.swift */,
				F7215E431C9DB89A007B0D07 /* AddPatnerController.swift */,
			);
			name = start;
			sourceTree = "<group>";
		};
		F7215E301C9D6F05007B0D07 /* Resources */ = {
			isa = PBXGroup;
			children = (
				F72AA39F1C9C1D6700C4B25F /* Assets.xcassets */,
				F78CB97E1C9EAA9A00C03ECF /* UIViewController+UIAlert.swift */,
			);
			name = Resources;
			sourceTree = "<group>";
		};
		F72AA38C1C9C1D6600C4B25F = {
			isa = PBXGroup;
			children = (
				F72AA3971C9C1D6700C4B25F /* PS */,
				708E5CD81C9C838E006435CF /* PSTests */,
				F72AA3961C9C1D6700C4B25F /* Products */,
				FFCEF282710C8FA90637477D /* Pods */,
				AA6D6E9B0F61B701C6511AEB /* Frameworks */,
			);
			sourceTree = "<group>";
		};
		F72AA3961C9C1D6700C4B25F /* Products */ = {
			isa = PBXGroup;
			children = (
				F72AA3951C9C1D6700C4B25F /* PS.app */,
				708E5CD71C9C838E006435CF /* PSTests.xctest */,
			);
			name = Products;
			sourceTree = "<group>";
		};
		F72AA3971C9C1D6700C4B25F /* PS */ = {
			isa = PBXGroup;
			children = (
				F7215E301C9D6F05007B0D07 /* Resources */,
				F7215E271C9D5E1B007B0D07 /* start */,
				8DFBB16B1C9EB4CA006E4D1A /* Master */,
				F72AA3981C9C1D6700C4B25F /* AppDelegate.swift */,
				F72AA39C1C9C1D6700C4B25F /* Main.storyboard */,
				8D8CBD9B1C9EA28900E84508 /* Master.storyboard */,
				F72AA3A11C9C1D6700C4B25F /* LaunchScreen.storyboard */,
				F72AA3A41C9C1D6700C4B25F /* Info.plist */,
				70F6ABAE1C9E92B100646FAA /* BackendManager.swift */,
				A8AE0A121C9EA2CF003C7207 /* MainViewModel.swift */,
				A8B1A5051C9EC39B009B684A /* RegisterViewModel.swift */,
			);
			path = PS;
			sourceTree = "<group>";
		};
		FFCEF282710C8FA90637477D /* Pods */ = {
			isa = PBXGroup;
			children = (
				6A4E80B6B256CE820110A78F /* Pods-PS.debug.xcconfig */,
				2019FC8A380EF73681FF3075 /* Pods-PS.release.xcconfig */,
			);
			name = Pods;
			sourceTree = "<group>";
		};
/* End PBXGroup section */

/* Begin PBXNativeTarget section */
		708E5CD61C9C838E006435CF /* PSTests */ = {
			isa = PBXNativeTarget;
			buildConfigurationList = 708E5CDE1C9C838E006435CF /* Build configuration list for PBXNativeTarget "PSTests" */;
			buildPhases = (
				708E5CD31C9C838E006435CF /* Sources */,
				708E5CD41C9C838E006435CF /* Frameworks */,
				708E5CD51C9C838E006435CF /* Resources */,
			);
			buildRules = (
			);
			dependencies = (
				708E5CDD1C9C838E006435CF /* PBXTargetDependency */,
			);
			name = PSTests;
			productName = PSTests;
			productReference = 708E5CD71C9C838E006435CF /* PSTests.xctest */;
			productType = "com.apple.product-type.bundle.unit-test";
		};
		F72AA3941C9C1D6700C4B25F /* PS */ = {
			isa = PBXNativeTarget;
			buildConfigurationList = F72AA3A71C9C1D6700C4B25F /* Build configuration list for PBXNativeTarget "PS" */;
			buildPhases = (
				FD6BE030DC8D14350E13DBB4 /* Check Pods Manifest.lock */,
				F72AA3911C9C1D6700C4B25F /* Sources */,
				F72AA3921C9C1D6700C4B25F /* Frameworks */,
				F72AA3931C9C1D6700C4B25F /* Resources */,
				A710D111DCAE435B0762AC30 /* Embed Pods Frameworks */,
				18BDE79EE94B58588DA76E9E /* Copy Pods Resources */,
			);
			buildRules = (
			);
			dependencies = (
			);
			name = PS;
			productName = PS;
			productReference = F72AA3951C9C1D6700C4B25F /* PS.app */;
			productType = "com.apple.product-type.application";
		};
/* End PBXNativeTarget section */

/* Begin PBXProject section */
		F72AA38D1C9C1D6700C4B25F /* Project object */ = {
			isa = PBXProject;
			attributes = {
				LastSwiftUpdateCheck = 0720;
				LastUpgradeCheck = 0720;
				ORGANIZATIONNAME = hackathon;
				TargetAttributes = {
					708E5CD61C9C838E006435CF = {
						CreatedOnToolsVersion = 7.2.1;
						TestTargetID = F72AA3941C9C1D6700C4B25F;
					};
					F72AA3941C9C1D6700C4B25F = {
						CreatedOnToolsVersion = 7.2;
					};
				};
			};
			buildConfigurationList = F72AA3901C9C1D6700C4B25F /* Build configuration list for PBXProject "PS" */;
			compatibilityVersion = "Xcode 3.2";
			developmentRegion = English;
			hasScannedForEncodings = 0;
			knownRegions = (
				en,
				Base,
			);
			mainGroup = F72AA38C1C9C1D6600C4B25F;
			productRefGroup = F72AA3961C9C1D6700C4B25F /* Products */;
			projectDirPath = "";
			projectRoot = "";
			targets = (
				F72AA3941C9C1D6700C4B25F /* PS */,
				708E5CD61C9C838E006435CF /* PSTests */,
			);
		};
/* End PBXProject section */

/* Begin PBXResourcesBuildPhase section */
		708E5CD51C9C838E006435CF /* Resources */ = {
			isa = PBXResourcesBuildPhase;
			buildActionMask = 2147483647;
			files = (
			);
			runOnlyForDeploymentPostprocessing = 0;
		};
		F72AA3931C9C1D6700C4B25F /* Resources */ = {
			isa = PBXResourcesBuildPhase;
			buildActionMask = 2147483647;
			files = (
				8D8CBD9D1C9EA28900E84508 /* Master.storyboard in Resources */,
				F72AA3A31C9C1D6700C4B25F /* LaunchScreen.storyboard in Resources */,
				F72AA3A01C9C1D6700C4B25F /* Assets.xcassets in Resources */,
				F72AA39E1C9C1D6700C4B25F /* Main.storyboard in Resources */,
			);
			runOnlyForDeploymentPostprocessing = 0;
		};
/* End PBXResourcesBuildPhase section */

/* Begin PBXShellScriptBuildPhase section */
		18BDE79EE94B58588DA76E9E /* Copy Pods Resources */ = {
			isa = PBXShellScriptBuildPhase;
			buildActionMask = 2147483647;
			files = (
			);
			inputPaths = (
			);
			name = "Copy Pods Resources";
			outputPaths = (
			);
			runOnlyForDeploymentPostprocessing = 0;
			shellPath = /bin/sh;
			shellScript = "\"${SRCROOT}/Pods/Target Support Files/Pods-PS/Pods-PS-resources.sh\"\n";
			showEnvVarsInLog = 0;
		};
		A710D111DCAE435B0762AC30 /* Embed Pods Frameworks */ = {
			isa = PBXShellScriptBuildPhase;
			buildActionMask = 2147483647;
			files = (
			);
			inputPaths = (
			);
			name = "Embed Pods Frameworks";
			outputPaths = (
			);
			runOnlyForDeploymentPostprocessing = 0;
			shellPath = /bin/sh;
			shellScript = "\"${SRCROOT}/Pods/Target Support Files/Pods-PS/Pods-PS-frameworks.sh\"\n";
			showEnvVarsInLog = 0;
		};
		FD6BE030DC8D14350E13DBB4 /* Check Pods Manifest.lock */ = {
			isa = PBXShellScriptBuildPhase;
			buildActionMask = 2147483647;
			files = (
			);
			inputPaths = (
			);
			name = "Check Pods Manifest.lock";
			outputPaths = (
			);
			runOnlyForDeploymentPostprocessing = 0;
			shellPath = /bin/sh;
			shellScript = "diff \"${PODS_ROOT}/../Podfile.lock\" \"${PODS_ROOT}/Manifest.lock\" > /dev/null\nif [[ $? != 0 ]] ; then\n    cat << EOM\nerror: The sandbox is not in sync with the Podfile.lock. Run 'pod install' or update your CocoaPods installation.\nEOM\n    exit 1\nfi\n";
			showEnvVarsInLog = 0;
		};
/* End PBXShellScriptBuildPhase section */

/* Begin PBXSourcesBuildPhase section */
		708E5CD31C9C838E006435CF /* Sources */ = {
			isa = PBXSourcesBuildPhase;
			buildActionMask = 2147483647;
			files = (
				70F6ABB01C9E92B100646FAA /* BackendManager.swift in Sources */,
				708E5CDA1C9C838E006435CF /* PSTests.swift in Sources */,
				A8AE0A141C9EA2CF003C7207 /* MainViewModel.swift in Sources */,
			);
			runOnlyForDeploymentPostprocessing = 0;
		};
		F72AA3911C9C1D6700C4B25F /* Sources */ = {
			isa = PBXSourcesBuildPhase;
			buildActionMask = 2147483647;
			files = (
				A8AE0A131C9EA2CF003C7207 /* MainViewModel.swift in Sources */,
				8DFBB1731C9EBF4D006E4D1A /* CreatePostScriptumView.swift in Sources */,
				8DFBB1711C9EBB14006E4D1A /* CreatePostInputView.swift in Sources */,
				70F6ABAF1C9E92B100646FAA /* BackendManager.swift in Sources */,
				8DFBB16D1C9EB4F1006E4D1A /* CreatePostViewController.swift in Sources */,
				F7215E2B1C9D5ECF007B0D07 /* InitialController.swift in Sources */,
				F7215E441C9DB89A007B0D07 /* AddPatnerController.swift in Sources */,
				F7215E2F1C9D630D007B0D07 /* CreateCredentialsController.swift in Sources */,
				F72AA3991C9C1D6700C4B25F /* AppDelegate.swift in Sources */,
				8DFBB16F1C9EB800006E4D1A /* CreatePostMoodView.swift in Sources */,
				F78CB97F1C9EAA9A00C03ECF /* UIViewController+UIAlert.swift in Sources */,
				A8B1A5061C9EC39B009B684A /* RegisterViewModel.swift in Sources */,
				F7215E421C9DA73F007B0D07 /* MyProfileController.swift in Sources */,
			);
			runOnlyForDeploymentPostprocessing = 0;
		};
/* End PBXSourcesBuildPhase section */

/* Begin PBXTargetDependency section */
		708E5CDD1C9C838E006435CF /* PBXTargetDependency */ = {
			isa = PBXTargetDependency;
			target = F72AA3941C9C1D6700C4B25F /* PS */;
			targetProxy = 708E5CDC1C9C838E006435CF /* PBXContainerItemProxy */;
		};
/* End PBXTargetDependency section */

/* Begin PBXVariantGroup section */
		8D8CBD9B1C9EA28900E84508 /* Master.storyboard */ = {
			isa = PBXVariantGroup;
			children = (
				8D8CBD9C1C9EA28900E84508 /* Base */,
			);
			name = Master.storyboard;
			sourceTree = "<group>";
		};
		F72AA39C1C9C1D6700C4B25F /* Main.storyboard */ = {
			isa = PBXVariantGroup;
			children = (
				F72AA39D1C9C1D6700C4B25F /* Base */,
			);
			name = Main.storyboard;
			sourceTree = "<group>";
		};
		F72AA3A11C9C1D6700C4B25F /* LaunchScreen.storyboard */ = {
			isa = PBXVariantGroup;
			children = (
				F72AA3A21C9C1D6700C4B25F /* Base */,
			);
			name = LaunchScreen.storyboard;
			sourceTree = "<group>";
		};
/* End PBXVariantGroup section */

/* Begin XCBuildConfiguration section */
		708E5CDF1C9C838E006435CF /* Debug */ = {
			isa = XCBuildConfiguration;
			buildSettings = {
				BUNDLE_LOADER = "$(TEST_HOST)";
				INFOPLIST_FILE = PSTests/Info.plist;
				LD_RUNPATH_SEARCH_PATHS = "$(inherited) @executable_path/Frameworks @loader_path/Frameworks";
				PRODUCT_BUNDLE_IDENTIFIER = hackathon.PS.PSTests;
				PRODUCT_NAME = "$(TARGET_NAME)";
				TEST_HOST = "$(BUILT_PRODUCTS_DIR)/PS.app/PS";
			};
			name = Debug;
		};
		708E5CE01C9C838E006435CF /* Release */ = {
			isa = XCBuildConfiguration;
			buildSettings = {
				BUNDLE_LOADER = "$(TEST_HOST)";
				INFOPLIST_FILE = PSTests/Info.plist;
				LD_RUNPATH_SEARCH_PATHS = "$(inherited) @executable_path/Frameworks @loader_path/Frameworks";
				PRODUCT_BUNDLE_IDENTIFIER = hackathon.PS.PSTests;
				PRODUCT_NAME = "$(TARGET_NAME)";
				TEST_HOST = "$(BUILT_PRODUCTS_DIR)/PS.app/PS";
			};
			name = Release;
		};
		F72AA3A51C9C1D6700C4B25F /* Debug */ = {
			isa = XCBuildConfiguration;
			buildSettings = {
				ALWAYS_SEARCH_USER_PATHS = NO;
				CLANG_CXX_LANGUAGE_STANDARD = "gnu++0x";
				CLANG_CXX_LIBRARY = "libc++";
				CLANG_ENABLE_MODULES = YES;
				CLANG_ENABLE_OBJC_ARC = YES;
				CLANG_WARN_BOOL_CONVERSION = YES;
				CLANG_WARN_CONSTANT_CONVERSION = YES;
				CLANG_WARN_DIRECT_OBJC_ISA_USAGE = YES_ERROR;
				CLANG_WARN_EMPTY_BODY = YES;
				CLANG_WARN_ENUM_CONVERSION = YES;
				CLANG_WARN_INT_CONVERSION = YES;
				CLANG_WARN_OBJC_ROOT_CLASS = YES_ERROR;
				CLANG_WARN_UNREACHABLE_CODE = YES;
				CLANG_WARN__DUPLICATE_METHOD_MATCH = YES;
				"CODE_SIGN_IDENTITY[sdk=iphoneos*]" = "iPhone Developer";
				COPY_PHASE_STRIP = NO;
				DEBUG_INFORMATION_FORMAT = dwarf;
				ENABLE_STRICT_OBJC_MSGSEND = YES;
				ENABLE_TESTABILITY = YES;
				GCC_C_LANGUAGE_STANDARD = gnu99;
				GCC_DYNAMIC_NO_PIC = NO;
				GCC_NO_COMMON_BLOCKS = YES;
				GCC_OPTIMIZATION_LEVEL = 0;
				GCC_PREPROCESSOR_DEFINITIONS = (
					"DEBUG=1",
					"$(inherited)",
				);
				GCC_WARN_64_TO_32_BIT_CONVERSION = YES;
				GCC_WARN_ABOUT_RETURN_TYPE = YES_ERROR;
				GCC_WARN_UNDECLARED_SELECTOR = YES;
				GCC_WARN_UNINITIALIZED_AUTOS = YES_AGGRESSIVE;
				GCC_WARN_UNUSED_FUNCTION = YES;
				GCC_WARN_UNUSED_VARIABLE = YES;
				IPHONEOS_DEPLOYMENT_TARGET = 9.2;
				MTL_ENABLE_DEBUG_INFO = YES;
				ONLY_ACTIVE_ARCH = YES;
				SDKROOT = iphoneos;
				SWIFT_OPTIMIZATION_LEVEL = "-Onone";
			};
			name = Debug;
		};
		F72AA3A61C9C1D6700C4B25F /* Release */ = {
			isa = XCBuildConfiguration;
			buildSettings = {
				ALWAYS_SEARCH_USER_PATHS = NO;
				CLANG_CXX_LANGUAGE_STANDARD = "gnu++0x";
				CLANG_CXX_LIBRARY = "libc++";
				CLANG_ENABLE_MODULES = YES;
				CLANG_ENABLE_OBJC_ARC = YES;
				CLANG_WARN_BOOL_CONVERSION = YES;
				CLANG_WARN_CONSTANT_CONVERSION = YES;
				CLANG_WARN_DIRECT_OBJC_ISA_USAGE = YES_ERROR;
				CLANG_WARN_EMPTY_BODY = YES;
				CLANG_WARN_ENUM_CONVERSION = YES;
				CLANG_WARN_INT_CONVERSION = YES;
				CLANG_WARN_OBJC_ROOT_CLASS = YES_ERROR;
				CLANG_WARN_UNREACHABLE_CODE = YES;
				CLANG_WARN__DUPLICATE_METHOD_MATCH = YES;
				"CODE_SIGN_IDENTITY[sdk=iphoneos*]" = "iPhone Developer";
				COPY_PHASE_STRIP = NO;
				DEBUG_INFORMATION_FORMAT = "dwarf-with-dsym";
				ENABLE_NS_ASSERTIONS = NO;
				ENABLE_STRICT_OBJC_MSGSEND = YES;
				GCC_C_LANGUAGE_STANDARD = gnu99;
				GCC_NO_COMMON_BLOCKS = YES;
				GCC_WARN_64_TO_32_BIT_CONVERSION = YES;
				GCC_WARN_ABOUT_RETURN_TYPE = YES_ERROR;
				GCC_WARN_UNDECLARED_SELECTOR = YES;
				GCC_WARN_UNINITIALIZED_AUTOS = YES_AGGRESSIVE;
				GCC_WARN_UNUSED_FUNCTION = YES;
				GCC_WARN_UNUSED_VARIABLE = YES;
				IPHONEOS_DEPLOYMENT_TARGET = 9.2;
				MTL_ENABLE_DEBUG_INFO = NO;
				SDKROOT = iphoneos;
				VALIDATE_PRODUCT = YES;
			};
			name = Release;
		};
		F72AA3A81C9C1D6700C4B25F /* Debug */ = {
			isa = XCBuildConfiguration;
			baseConfigurationReference = 6A4E80B6B256CE820110A78F /* Pods-PS.debug.xcconfig */;
			buildSettings = {
				ASSETCATALOG_COMPILER_APPICON_NAME = AppIcon;
				INFOPLIST_FILE = PS/Info.plist;
				LD_RUNPATH_SEARCH_PATHS = "$(inherited) @executable_path/Frameworks";
				PRODUCT_BUNDLE_IDENTIFIER = hackathon.PS;
				PRODUCT_NAME = "$(TARGET_NAME)";
			};
			name = Debug;
		};
		F72AA3A91C9C1D6700C4B25F /* Release */ = {
			isa = XCBuildConfiguration;
			baseConfigurationReference = 2019FC8A380EF73681FF3075 /* Pods-PS.release.xcconfig */;
			buildSettings = {
				ASSETCATALOG_COMPILER_APPICON_NAME = AppIcon;
				INFOPLIST_FILE = PS/Info.plist;
				LD_RUNPATH_SEARCH_PATHS = "$(inherited) @executable_path/Frameworks";
				PRODUCT_BUNDLE_IDENTIFIER = hackathon.PS;
				PRODUCT_NAME = "$(TARGET_NAME)";
			};
			name = Release;
		};
/* End XCBuildConfiguration section */

/* Begin XCConfigurationList section */
		708E5CDE1C9C838E006435CF /* Build configuration list for PBXNativeTarget "PSTests" */ = {
			isa = XCConfigurationList;
			buildConfigurations = (
				708E5CDF1C9C838E006435CF /* Debug */,
				708E5CE01C9C838E006435CF /* Release */,
			);
			defaultConfigurationIsVisible = 0;
			defaultConfigurationName = Release;
		};
		F72AA3901C9C1D6700C4B25F /* Build configuration list for PBXProject "PS" */ = {
			isa = XCConfigurationList;
			buildConfigurations = (
				F72AA3A51C9C1D6700C4B25F /* Debug */,
				F72AA3A61C9C1D6700C4B25F /* Release */,
			);
			defaultConfigurationIsVisible = 0;
			defaultConfigurationName = Release;
		};
		F72AA3A71C9C1D6700C4B25F /* Build configuration list for PBXNativeTarget "PS" */ = {
			isa = XCConfigurationList;
			buildConfigurations = (
				F72AA3A81C9C1D6700C4B25F /* Debug */,
				F72AA3A91C9C1D6700C4B25F /* Release */,
			);
			defaultConfigurationIsVisible = 0;
			defaultConfigurationName = Release;
		};
/* End XCConfigurationList section */
	};
	rootObject = F72AA38D1C9C1D6700C4B25F /* Project object */;
}
